
Microsoft Visual Studio Solution File, Format Version 12.00
# Visual Studio 14
VisualStudioVersion = 14.0.24720.0
MinimumVisualStudioVersion = 10.0.40219.1
Project("{FAE04EC0-301F-11D3-BF4B-00C04F79EFBC}") = "ItemControlDemo", "ItemControlDemo\ItemControlDemo.csproj", "{58BCCA32-1252-41AC-B35A-32B4A6D3F43B}"
EndProject
Global
	GlobalSection(SolutionConfigurationPlatforms) = preSolution
		Debug|Any CPU = Debug|Any CPU
		Release|Any CPU = Release|Any CPU
	EndGlobalSection
	GlobalSection(ProjectConfigurationPlatforms) = postSolution
		{58BCCA32-1252-41AC-B35A-32B4A6D3F43B}.Debug|Any CPU.ActiveCfg = Debug|Any CPU
		{58BCCA32-1252-41AC-B35A-32B4A6D3F43B}.Debug|Any CPU.Build.0 = Debug|Any CPU
		{58BCCA32-1252-41AC-B35A-32B4A6D3F43B}.Release|Any CPU.ActiveCfg = Release|Any CPU
		{58BCCA32-1252-41AC-B35A-32B4A6D3F43B}.Release|Any CPU.Build.0 = Release|Any CPU
	EndGlobalSection
	GlobalSection(SolutionProperties) = preSolution
		HideSolutionNode = FALSE
	EndGlobalSection
EndGlobal
